
Microsoft Visual Studio Solution File, Format Version 12.00
# Visual Studio Version 17
VisualStudioVersion = 17.1.32228.430
MinimumVisualStudioVersion = 10.0.40219.1
Project("{8BC9CEB8-8B4A-11D0-8D11-00A0C91BC942}") = "Algorithm_Kruskal", "Algorithm_Kruskal\Algorithm_Kruskal.vcxproj", "{C657D03C-C257-4EDA-99A1-0CB111130061}"
EndProject
Global
	GlobalSection(SolutionConfigurationPlatforms) = preSolution
		Debug|x64 = Debug|x64
		Debug|x86 = Debug|x86
		Release|x64 = Release|x64
		Release|x86 = Release|x86
	EndGlobalSection
	GlobalSection(ProjectConfigurationPlatforms) = postSolution
		{C657D03C-C257-4EDA-99A1-0CB111130061}.Debug|x64.ActiveCfg = Debug|x64
		{C657D03C-C257-4EDA-99A1-0CB111130061}.Debug|x64.Build.0 = Debug|x64
		{C657D03C-C257-4EDA-99A1-0CB111130061}.Debug|x86.ActiveCfg = Debug|Win32
		{C657D03C-C257-4EDA-99A1-0CB111130061}.Debug|x86.Build.0 = Debug|Win32
		{C657D03C-C257-4EDA-99A1-0CB111130061}.Release|x64.ActiveCfg = Release|x64
		{C657D03C-C257-4EDA-99A1-0CB111130061}.Release|x64.Build.0 = Release|x64
		{C657D03C-C257-4EDA-99A1-0CB111130061}.Release|x86.ActiveCfg = Release|Win32
		{C657D03C-C257-4EDA-99A1-0CB111130061}.Release|x86.Build.0 = Release|Win32
	EndGlobalSection
	GlobalSection(SolutionProperties) = preSolution
		HideSolutionNode = FALSE
	EndGlobalSection
	GlobalSection(ExtensibilityGlobals) = postSolution
		SolutionGuid = {A5EBE956-E1E3-415A-91C9-0048ABA3A5FC}
	EndGlobalSection
EndGlobal
